
Microsoft Visual Studio Solution File, Format Version 12.00
# Visual Studio Version 16
VisualStudioVersion = 16.0.29123.88
MinimumVisualStudioVersion = 10.0.40219.1
Project("{8BC9CEB8-8B4A-11D0-8D11-00A0C91BC942}") = "01", "01\01.vcxproj", "{4C4F22D9-3CB9-41F7-B06C-655536130E28}"
EndProject
Project("{2150E333-8FDC-42A3-9474-1A3956D46DE8}") = "Solution Items", "Solution Items", "{EE7066AC-28BA-4503-9F4A-22724F426F85}"
	ProjectSection(SolutionItems) = preProject
		HelperFunctions.h = HelperFunctions.h
	EndProjectSection
EndProject
Project("{8BC9CEB8-8B4A-11D0-8D11-00A0C91BC942}") = "02", "02\02.vcxproj", "{BC13BC90-EC63-411F-8DF7-AC747542F301}"
EndProject
Project("{8BC9CEB8-8B4A-11D0-8D11-00A0C91BC942}") = "03", "03\03.vcxproj", "{D18387E9-AAC2-4DDC-BCA5-D5E1AF5591C1}"
EndProject
Project("{8BC9CEB8-8B4A-11D0-8D11-00A0C91BC942}") = "04", "04\04.vcxproj", "{9ABAAE15-2F8D-486E-BDCA-AB90638756A0}"
EndProject
Project("{8BC9CEB8-8B4A-11D0-8D11-00A0C91BC942}") = "06", "06\06.vcxproj", "{9F0ECFEE-7AF8-4D78-AC12-9486FAD433BB}"
EndProject
Project("{8BC9CEB8-8B4A-11D0-8D11-00A0C91BC942}") = "07", "07\07.vcxproj", "{9272EB30-F6C8-46F3-ADE8-AE45EEE3B57B}"
EndProject
Project("{8BC9CEB8-8B4A-11D0-8D11-00A0C91BC942}") = "08", "08\08.vcxproj", "{00A8C29E-F2EC-4288-8C19-933A5754B8D3}"
EndProject
Project("{8BC9CEB8-8B4A-11D0-8D11-00A0C91BC942}") = "10", "10\10.vcxproj", "{6F80D8E1-12DB-4A13-ACF8-D781CF567FC4}"
EndProject
Project("{8BC9CEB8-8B4A-11D0-8D11-00A0C91BC942}") = "11", "11\11.vcxproj", "{794AA02A-E85C-441B-A194-99B5DD95D251}"
EndProject
Project("{8BC9CEB8-8B4A-11D0-8D11-00A0C91BC942}") = "12", "12\12.vcxproj", "{4C3525ED-2365-4030-AE57-697B4DFA207B}"
EndProject
Project("{8BC9CEB8-8B4A-11D0-8D11-00A0C91BC942}") = "13", "13\13.vcxproj", "{854AE0D8-245D-4924-A6FB-A0CF0E26FB82}"
EndProject
Global
	GlobalSection(SolutionConfigurationPlatforms) = preSolution
		Debug|x64 = Debug|x64
		Debug|x86 = Debug|x86
		Release|x64 = Release|x64
		Release|x86 = Release|x86
	EndGlobalSection
	GlobalSection(ProjectConfigurationPlatforms) = postSolution
		{4C4F22D9-3CB9-41F7-B06C-655536130E28}.Debug|x64.ActiveCfg = Debug|x64
		{4C4F22D9-3CB9-41F7-B06C-655536130E28}.Debug|x64.Build.0 = Debug|x64
		{4C4F22D9-3CB9-41F7-B06C-655536130E28}.Debug|x86.ActiveCfg = Debug|Win32
		{4C4F22D9-3CB9-41F7-B06C-655536130E28}.Debug|x86.Build.0 = Debug|Win32
		{4C4F22D9-3CB9-41F7-B06C-655536130E28}.Release|x64.ActiveCfg = Release|x64
		{4C4F22D9-3CB9-41F7-B06C-655536130E28}.Release|x64.Build.0 = Release|x64
		{4C4F22D9-3CB9-41F7-B06C-655536130E28}.Release|x86.ActiveCfg = Release|Win32
		{4C4F22D9-3CB9-41F7-B06C-655536130E28}.Release|x86.Build.0 = Release|Win32
		{BC13BC90-EC63-411F-8DF7-AC747542F301}.Debug|x64.ActiveCfg = Debug|x64
		{BC13BC90-EC63-411F-8DF7-AC747542F301}.Debug|x64.Build.0 = Debug|x64
		{BC13BC90-EC63-411F-8DF7-AC747542F301}.Debug|x86.ActiveCfg = Debug|Win32
		{BC13BC90-EC63-411F-8DF7-AC747542F301}.Debug|x86.Build.0 = Debug|Win32
		{BC13BC90-EC63-411F-8DF7-AC747542F301}.Release|x64.ActiveCfg = Release|x64
		{BC13BC90-EC63-411F-8DF7-AC747542F301}.Release|x64.Build.0 = Release|x64
		{BC13BC90-EC63-411F-8DF7-AC747542F301}.Release|x86.ActiveCfg = Release|Win32
		{BC13BC90-EC63-411F-8DF7-AC747542F301}.Release|x86.Build.0 = Release|Win32
		{D18387E9-AAC2-4DDC-BCA5-D5E1AF5591C1}.Debug|x64.ActiveCfg = Debug|x64
		{D18387E9-AAC2-4DDC-BCA5-D5E1AF5591C1}.Debug|x64.Build.0 = Debug|x64
		{D18387E9-AAC2-4DDC-BCA5-D5E1AF5591C1}.Debug|x86.ActiveCfg = Debug|Win32
		{D18387E9-AAC2-4DDC-BCA5-D5E1AF5591C1}.Debug|x86.Build.0 = Debug|Win32
		{D18387E9-AAC2-4DDC-BCA5-D5E1AF5591C1}.Release|x64.ActiveCfg = Release|x64
		{D18387E9-AAC2-4DDC-BCA5-D5E1AF5591C1}.Release|x64.Build.0 = Release|x64
		{D18387E9-AAC2-4DDC-BCA5-D5E1AF5591C1}.Release|x86.ActiveCfg = Release|Win32
		{D18387E9-AAC2-4DDC-BCA5-D5E1AF5591C1}.Release|x86.Build.0 = Release|Win32
		{9ABAAE15-2F8D-486E-BDCA-AB90638756A0}.Debug|x64.ActiveCfg = Debug|x64
		{9ABAAE15-2F8D-486E-BDCA-AB90638756A0}.Debug|x64.Build.0 = Debug|x64
		{9ABAAE15-2F8D-486E-BDCA-AB90638756A0}.Debug|x86.ActiveCfg = Debug|Win32
		{9ABAAE15-2F8D-486E-BDCA-AB90638756A0}.Debug|x86.Build.0 = Debug|Win32
		{9ABAAE15-2F8D-486E-BDCA-AB90638756A0}.Release|x64.ActiveCfg = Release|x64
		{9ABAAE15-2F8D-486E-BDCA-AB90638756A0}.Release|x64.Build.0 = Release|x64
		{9ABAAE15-2F8D-486E-BDCA-AB90638756A0}.Release|x86.ActiveCfg = Release|Win32
		{9ABAAE15-2F8D-486E-BDCA-AB90638756A0}.Release|x86.Build.0 = Release|Win32
		{9F0ECFEE-7AF8-4D78-AC12-9486FAD433BB}.Debug|x64.ActiveCfg = Debug|x64
		{9F0ECFEE-7AF8-4D78-AC12-9486FAD433BB}.Debug|x64.Build.0 = Debug|x64
		{9F0ECFEE-7AF8-4D78-AC12-9486FAD433BB}.Debug|x86.ActiveCfg = Debug|Win32
		{9F0ECFEE-7AF8-4D78-AC12-9486FAD433BB}.Debug|x86.Build.0 = Debug|Win32
		{9F0ECFEE-7AF8-4D78-AC12-9486FAD433BB}.Release|x64.ActiveCfg = Release|x64
		{9F0ECFEE-7AF8-4D78-AC12-9486FAD433BB}.Release|x64.Build.0 = Release|x64
		{9F0ECFEE-7AF8-4D78-AC12-9486FAD433BB}.Release|x86.ActiveCfg = Release|Win32
		{9F0ECFEE-7AF8-4D78-AC12-9486FAD433BB}.Release|x86.Build.0 = Release|Win32
		{9272EB30-F6C8-46F3-ADE8-AE45EEE3B57B}.Debug|x64.ActiveCfg = Debug|x64
		{9272EB30-F6C8-46F3-ADE8-AE45EEE3B57B}.Debug|x64.Build.0 = Debug|x64
		{9272EB30-F6C8-46F3-ADE8-AE45EEE3B57B}.Debug|x86.ActiveCfg = Debug|Win32
		{9272EB30-F6C8-46F3-ADE8-AE45EEE3B57B}.Debug|x86.Build.0 = Debug|Win32
		{9272EB30-F6C8-46F3-ADE8-AE45EEE3B57B}.Release|x64.ActiveCfg = Release|x64
		{9272EB30-F6C8-46F3-ADE8-AE45EEE3B57B}.Release|x64.Build.0 = Release|x64
		{9272EB30-F6C8-46F3-ADE8-AE45EEE3B57B}.Release|x86.ActiveCfg = Release|Win32
		{9272EB30-F6C8-46F3-ADE8-AE45EEE3B57B}.Release|x86.Build.0 = Release|Win32
		{00A8C29E-F2EC-4288-8C19-933A5754B8D3}.Debug|x64.ActiveCfg = Debug|x64
		{00A8C29E-F2EC-4288-8C19-933A5754B8D3}.Debug|x64.Build.0 = Debug|x64
		{00A8C29E-F2EC-4288-8C19-933A5754B8D3}.Debug|x86.ActiveCfg = Debug|Win32
		{00A8C29E-F2EC-4288-8C19-933A5754B8D3}.Debug|x86.Build.0 = Debug|Win32
		{00A8C29E-F2EC-4288-8C19-933A5754B8D3}.Release|x64.ActiveCfg = Release|x64
		{00A8C29E-F2EC-4288-8C19-933A5754B8D3}.Release|x64.Build.0 = Release|x64
		{00A8C29E-F2EC-4288-8C19-933A5754B8D3}.Release|x86.ActiveCfg = Release|Win32
		{00A8C29E-F2EC-4288-8C19-933A5754B8D3}.Release|x86.Build.0 = Release|Win32
		{6F80D8E1-12DB-4A13-ACF8-D781CF567FC4}.Debug|x64.ActiveCfg = Debug|x64
		{6F80D8E1-12DB-4A13-ACF8-D781CF567FC4}.Debug|x64.Build.0 = Debug|x64
		{6F80D8E1-12DB-4A13-ACF8-D781CF567FC4}.Debug|x86.ActiveCfg = Debug|Win32
		{6F80D8E1-12DB-4A13-ACF8-D781CF567FC4}.Debug|x86.Build.0 = Debug|Win32
		{6F80D8E1-12DB-4A13-ACF8-D781CF567FC4}.Release|x64.ActiveCfg = Release|x64
		{6F80D8E1-12DB-4A13-ACF8-D781CF567FC4}.Release|x64.Build.0 = Release|x64
		{6F80D8E1-12DB-4A13-ACF8-D781CF567FC4}.Release|x86.ActiveCfg = Release|Win32
		{6F80D8E1-12DB-4A13-ACF8-D781CF567FC4}.Release|x86.Build.0 = Release|Win32
		{794AA02A-E85C-441B-A194-99B5DD95D251}.Debug|x64.ActiveCfg = Debug|x64
		{794AA02A-E85C-441B-A194-99B5DD95D251}.Debug|x64.Build.0 = Debug|x64
		{794AA02A-E85C-441B-A194-99B5DD95D251}.Debug|x86.ActiveCfg = Debug|Win32
		{794AA02A-E85C-441B-A194-99B5DD95D251}.Debug|x86.Build.0 = Debug|Win32
		{794AA02A-E85C-441B-A194-99B5DD95D251}.Release|x64.ActiveCfg = Release|x64
		{794AA02A-E85C-441B-A194-99B5DD95D251}.Release|x64.Build.0 = Release|x64
		{794AA02A-E85C-441B-A194-99B5DD95D251}.Release|x86.ActiveCfg = Release|Win32
		{794AA02A-E85C-441B-A194-99B5DD95D251}.Release|x86.Build.0 = Release|Win32
		{4C3525ED-2365-4030-AE57-697B4DFA207B}.Debug|x64.ActiveCfg = Debug|x64
		{4C3525ED-2365-4030-AE57-697B4DFA207B}.Debug|x64.Build.0 = Debug|x64
		{4C3525ED-2365-4030-AE57-697B4DFA207B}.Debug|x86.ActiveCfg = Debug|Win32
		{4C3525ED-2365-4030-AE57-697B4DFA207B}.Debug|x86.Build.0 = Debug|Win32
		{4C3525ED-2365-4030-AE57-697B4DFA207B}.Release|x64.ActiveCfg = Release|x64
		{4C3525ED-2365-4030-AE57-697B4DFA207B}.Release|x64.Build.0 = Release|x64
		{4C3525ED-2365-4030-AE57-697B4DFA207B}.Release|x86.ActiveCfg = Release|Win32
		{4C3525ED-2365-4030-AE57-697B4DFA207B}.Release|x86.Build.0 = Release|Win32
		{854AE0D8-245D-4924-A6FB-A0CF0E26FB82}.Debug|x64.ActiveCfg = Debug|x64
		{854AE0D8-245D-4924-A6FB-A0CF0E26FB82}.Debug|x64.Build.0 = Debug|x64
		{854AE0D8-245D-4924-A6FB-A0CF0E26FB82}.Debug|x86.ActiveCfg = Debug|Win32
		{854AE0D8-245D-4924-A6FB-A0CF0E26FB82}.Debug|x86.Build.0 = Debug|Win32
		{854AE0D8-245D-4924-A6FB-A0CF0E26FB82}.Release|x64.ActiveCfg = Release|x64
		{854AE0D8-245D-4924-A6FB-A0CF0E26FB82}.Release|x64.Build.0 = Release|x64
		{854AE0D8-245D-4924-A6FB-A0CF0E26FB82}.Release|x86.ActiveCfg = Release|Win32
		{854AE0D8-245D-4924-A6FB-A0CF0E26FB82}.Release|x86.Build.0 = Release|Win32
	EndGlobalSection
	GlobalSection(SolutionProperties) = preSolution
		HideSolutionNode = FALSE
	EndGlobalSection
	GlobalSection(ExtensibilityGlobals) = postSolution
		SolutionGuid = {CA4384FC-9381-4431-BFAD-D5F2A2C6096C}
	EndGlobalSection
EndGlobal
